<?xml version="1.0" encoding="utf-8"?>
<Project ToolsVersion="4.0" xmlns="http://schemas.microsoft.com/developer/msbuild/2003">
  <ItemGroup>
    <Filter Include="Source Files">
      <UniqueIdentifier>{4FC737F1-C7A5-4376-A066-2A32D752A2FF}</UniqueIdentifier>
      <Extensions>cpp;c;cc;cxx;def;odl;idl;hpj;bat;asm;asmx</Extensions>
    </Filter>
    <Filter Include="Header Files">
      <UniqueIdentifier>{93995380-89BD-4b04-88EB-625FBE52EBFB}</UniqueIdentifier>
      <Extensions>h;hh;hpp;hxx;hm;inl;inc;xsd</Extensions>
    </Filter>
    <Filter Include="Resource Files">
      <UniqueIdentifier>{67DA6AB6-F800-4c08-8B7A-83BB121AAD01}</UniqueIdentifier>
      <Extensions>rc;ico;cur;bmp;dlg;rc2;rct;bin;rgs;gif;jpg;jpeg;jpe;resx;tiff;tif;png;wav;mfcribbon-ms</Extensions>
    </Filter>
  </ItemGroup>
  <ItemGroup>
    <ClInclude Include="LuaState.h">
      <Filter>Header Files</Filter>
    </ClInclude>
    <ClInclude Include="LuaGlobalName.h">
      <Filter>Header Files</Filter>
    </ClInclude>
    <ClInclude Include="LuaNull.h">
      <Filter>Header Files</Filter>
    </ClInclude>
    <ClInclude Include="LuaNewTable.h">
      <Filter>Header Files</Filter>
    </ClInclude>
    <ClInclude Include="LuaTableField.h">
      <Filter>Header Files</Filter>
    </ClInclude>
    <ClInclude Include="OfType.h">
      <Filter>Header Files</Filter>
    </ClInclude>
    <ClInclude Include="LuaPeak.h">
      <Filter>Header Files</Filter>
    </ClInclude>
    <ClInclude Include="LuaPush.h">
      <Filter>Header Files</Filter>
    </ClInclude>
    <ClInclude Include="LuaPush.implementation.h">
      <Filter>Header Files</Filter>
    </ClInclude>
    <ClInclude Include="LuaPeak.implementation.h">
      <Filter>Header Files</Filter>
    </ClInclude>
    <ClInclude Include="LuaReturnBuilder.h">
      <Filter>Header Files</Filter>
    </ClInclude>
    <ClInclude Include="LuaCFunctionDispatcher.h">
      <Filter>Header Files</Filter>
    </ClInclude>
    <ClInclude Include="LuaCFunction.h">
      <Filter>Header Files</Filter>
    </ClInclude>
    <ClInclude Include="LuaPushTuple.h">
      <Filter>Header Files</Filter>
    </ClInclude>
    <ClInclude Include="LuaPop.implementation.h">
      <Filter>Header Files</Filter>
    </ClInclude>
    <ClInclude Include="LuaPop.h">
      <Filter>Header Files</Filter>
    </ClInclude>
    <ClInclude Include="LuaCFunctionBase.h">
      <Filter>Header Files</Filter>
    </ClInclude>
  </ItemGroup>
  <ItemGroup>
    <ClCompile Include="Empty.cpp">
      <Filter>Source Files</Filter>
    </ClCompile>
  </ItemGroup>
</Project>